// !$*UTF8*$!
{
	archiveVersion = 1;
	classes = {
	};
	objectVersion = 56;
	objects = {

/* Begin PBXBuildFile section */
		0B7B97292A8A9ACC00B92C24 /* ScamTextApp.swift in Sources */ = {isa = PBXBuildFile; fileRef = 0B7B97282A8A9ACC00B92C24 /* ScamTextApp.swift */; };
		0B7B972B2A8A9ACC00B92C24 /* ContentView.swift in Sources */ = {isa = PBXBuildFile; fileRef = 0B7B972A2A8A9ACC00B92C24 /* ContentView.swift */; };
		0B7B972D2A8A9ACD00B92C24 /* Assets.xcassets in Resources */ = {isa = PBXBuildFile; fileRef = 0B7B972C2A8A9ACD00B92C24 /* Assets.xcassets */; };
		0B7B97312A8A9ACD00B92C24 /* Preview Assets.xcassets in Resources */ = {isa = PBXBuildFile; fileRef = 0B7B97302A8A9ACD00B92C24 /* Preview Assets.xcassets */; };
		0B7B973B2A8A9ACD00B92C24 /* ScamTextTests.swift in Sources */ = {isa = PBXBuildFile; fileRef = 0B7B973A2A8A9ACD00B92C24 /* ScamTextTests.swift */; };
		0B7B97452A8A9ACD00B92C24 /* ScamTextUITests.swift in Sources */ = {isa = PBXBuildFile; fileRef = 0B7B97442A8A9ACD00B92C24 /* ScamTextUITests.swift */; };
		0B7B97472A8A9ACD00B92C24 /* ScamTextUITestsLaunchTests.swift in Sources */ = {isa = PBXBuildFile; fileRef = 0B7B97462A8A9ACD00B92C24 /* ScamTextUITestsLaunchTests.swift */; };
		0B7B975A2A8AAC7F00B92C24 /* disclaimer.swift in Sources */ = {isa = PBXBuildFile; fileRef = 0B7B97592A8AAC7F00B92C24 /* disclaimer.swift */; };
		0B7B975C2A8AACDE00B92C24 /* help.swift in Sources */ = {isa = PBXBuildFile; fileRef = 0B7B975B2A8AACDE00B92C24 /* help.swift */; };
/* End PBXBuildFile section */

/* Begin PBXContainerItemProxy section */
		0B7B97372A8A9ACD00B92C24 /* PBXContainerItemProxy */ = {
			isa = PBXContainerItemProxy;
			containerPortal = 0B7B971D2A8A9ACC00B92C24 /* Project object */;
			proxyType = 1;
			remoteGlobalIDString = 0B7B97242A8A9ACC00B92C24;
			remoteInfo = ScamText;
		};
		0B7B97412A8A9ACD00B92C24 /* PBXContainerItemProxy */ = {
			isa = PBXContainerItemProxy;
			containerPortal = 0B7B971D2A8A9ACC00B92C24 /* Project object */;
			proxyType = 1;
			remoteGlobalIDString = 0B7B97242A8A9ACC00B92C24;
			remoteInfo = ScamText;
		};
/* End PBXContainerItemProxy section */

/* Begin PBXFileReference section */
		0B7B97252A8A9ACC00B92C24 /* ScamText.app */ = {isa = PBXFileReference; explicitFileType = wrapper.application; includeInIndex = 0; path = ScamText.app; sourceTree = BUILT_PRODUCTS_DIR; };
		0B7B97282A8A9ACC00B92C24 /* ScamTextApp.swift */ = {isa = PBXFileReference; lastKnownFileType = sourcecode.swift; path = ScamTextApp.swift; sourceTree = "<group>"; };
		0B7B972A2A8A9ACC00B92C24 /* ContentView.swift */ = {isa = PBXFileReference; lastKnownFileType = sourcecode.swift; path = ContentView.swift; sourceTree = "<group>"; };
		0B7B972C2A8A9ACD00B92C24 /* Assets.xcassets */ = {isa = PBXFileReference; lastKnownFileType = folder.assetcatalog; path = Assets.xcassets; sourceTree = "<group>"; };
		0B7B972E2A8A9ACD00B92C24 /* ScamText.entitlements */ = {isa = PBXFileReference; lastKnownFileType = text.plist.entitlements; path = ScamText.entitlements; sourceTree = "<group>"; };
		0B7B97302A8A9ACD00B92C24 /* Preview Assets.xcassets */ = {isa = PBXFileReference; lastKnownFileType = folder.assetcatalog; path = "Preview Assets.xcassets"; sourceTree = "<group>"; };
		0B7B97362A8A9ACD00B92C24 /* ScamTextTests.xctest */ = {isa = PBXFileReference; explicitFileType = wrapper.cfbundle; includeInIndex = 0; path = ScamTextTests.xctest; sourceTree = BUILT_PRODUCTS_DIR; };
		0B7B973A2A8A9ACD00B92C24 /* ScamTextTests.swift */ = {isa = PBXFileReference; lastKnownFileType = sourcecode.swift; path = ScamTextTests.swift; sourceTree = "<group>"; };
		0B7B97402A8A9ACD00B92C24 /* ScamTextUITests.xctest */ = {isa = PBXFileReference; explicitFileType = wrapper.cfbundle; includeInIndex = 0; path = ScamTextUITests.xctest; sourceTree = BUILT_PRODUCTS_DIR; };
		0B7B97442A8A9ACD00B92C24 /* ScamTextUITests.swift */ = {isa = PBXFileReference; lastKnownFileType = sourcecode.swift; path = ScamTextUITests.swift; sourceTree = "<group>"; };
		0B7B97462A8A9ACD00B92C24 /* ScamTextUITestsLaunchTests.swift */ = {isa = PBXFileReference; lastKnownFileType = sourcecode.swift; path = ScamTextUITestsLaunchTests.swift; sourceTree = "<group>"; };
		0B7B97592A8AAC7F00B92C24 /* disclaimer.swift */ = {isa = PBXFileReference; lastKnownFileType = sourcecode.swift; path = disclaimer.swift; sourceTree = "<group>"; };
		0B7B975B2A8AACDE00B92C24 /* help.swift */ = {isa = PBXFileReference; lastKnownFileType = sourcecode.swift; path = help.swift; sourceTree = "<group>"; };
/* End PBXFileReference section */

/* Begin PBXFrameworksBuildPhase section */
		0B7B97222A8A9ACC00B92C24 /* Frameworks */ = {
			isa = PBXFrameworksBuildPhase;
			buildActionMask = 2147483647;
			files = (
			);
			runOnlyForDeploymentPostprocessing = 0;
		};
		0B7B97332A8A9ACD00B92C24 /* Frameworks */ = {
			isa = PBXFrameworksBuildPhase;
			buildActionMask = 2147483647;
			files = (
			);
			runOnlyForDeploymentPostprocessing = 0;
		};
		0B7B973D2A8A9ACD00B92C24 /* Frameworks */ = {
			isa = PBXFrameworksBuildPhase;
			buildActionMask = 2147483647;
			files = (
			);
			runOnlyForDeploymentPostprocessing = 0;
		};
/* End PBXFrameworksBuildPhase section */

/* Begin PBXGroup section */
		0B7B971C2A8A9ACC00B92C24 = {
			isa = PBXGroup;
			children = (
				0B7B97272A8A9ACC00B92C24 /* ScamText */,
				0B7B97392A8A9ACD00B92C24 /* ScamTextTests */,
				0B7B97432A8A9ACD00B92C24 /* ScamTextUITests */,
				0B7B97262A8A9ACC00B92C24 /* Products */,
			);
			sourceTree = "<group>";
		};
		0B7B97262A8A9ACC00B92C24 /* Products */ = {
			isa = PBXGroup;
			children = (
				0B7B97252A8A9ACC00B92C24 /* ScamText.app */,
				0B7B97362A8A9ACD00B92C24 /* ScamTextTests.xctest */,
				0B7B97402A8A9ACD00B92C24 /* ScamTextUITests.xctest */,
			);
			name = Products;
			sourceTree = "<group>";
		};
		0B7B97272A8A9ACC00B92C24 /* ScamText */ = {
			isa = PBXGroup;
			children = (
				0B7B97282A8A9ACC00B92C24 /* ScamTextApp.swift */,
				0B7B972A2A8A9ACC00B92C24 /* ContentView.swift */,
				0B7B972C2A8A9ACD00B92C24 /* Assets.xcassets */,
				0B7B972E2A8A9ACD00B92C24 /* ScamText.entitlements */,
				0B7B972F2A8A9ACD00B92C24 /* Preview Content */,
				0B7B97592A8AAC7F00B92C24 /* disclaimer.swift */,
				0B7B975B2A8AACDE00B92C24 /* help.swift */,
			);
			path = ScamText;
			sourceTree = "<group>";
		};
		0B7B972F2A8A9ACD00B92C24 /* Preview Content */ = {
			isa = PBXGroup;
			children = (
				0B7B97302A8A9ACD00B92C24 /* Preview Assets.xcassets */,
			);
			path = "Preview Content";
			sourceTree = "<group>";
		};
		0B7B97392A8A9ACD00B92C24 /* ScamTextTests */ = {
			isa = PBXGroup;
			children = (
				0B7B973A2A8A9ACD00B92C24 /* ScamTextTests.swift */,
			);
			path = ScamTextTests;
			sourceTree = "<group>";
		};
		0B7B97432A8A9ACD00B92C24 /* ScamTextUITests */ = {
			isa = PBXGroup;
			children = (
				0B7B97442A8A9ACD00B92C24 /* ScamTextUITests.swift */,
				0B7B97462A8A9ACD00B92C24 /* ScamTextUITestsLaunchTests.swift */,
			);
			path = ScamTextUITests;
			sourceTree = "<group>";
		};
/* End PBXGroup section */

/* Begin PBXNativeTarget section */
		0B7B97242A8A9ACC00B92C24 /* ScamText */ = {
			isa = PBXNativeTarget;
			buildConfigurationList = 0B7B974A2A8A9ACD00B92C24 /* Build configuration list for PBXNativeTarget "ScamText" */;
			buildPhases = (
				0B7B97212A8A9ACC00B92C24 /* Sources */,
				0B7B97222A8A9ACC00B92C24 /* Frameworks */,
				0B7B97232A8A9ACC00B92C24 /* Resources */,
			);
			buildRules = (
			);
			dependencies = (
			);
			name = ScamText;
			productName = ScamText;
			productReference = 0B7B97252A8A9ACC00B92C24 /* ScamText.app */;
			productType = "com.apple.product-type.application";
		};
		0B7B97352A8A9ACD00B92C24 /* ScamTextTests */ = {
			isa = PBXNativeTarget;
			buildConfigurationList = 0B7B974D2A8A9ACD00B92C24 /* Build configuration list for PBXNativeTarget "ScamTextTests" */;
			buildPhases = (
				0B7B97322A8A9ACD00B92C24 /* Sources */,
				0B7B97332A8A9ACD00B92C24 /* Frameworks */,
				0B7B97342A8A9ACD00B92C24 /* Resources */,
			);
			buildRules = (
			);
			dependencies = (
				0B7B97382A8A9ACD00B92C24 /* PBXTargetDependency */,
			);
			name = ScamTextTests;
			productName = ScamTextTests;
			productReference = 0B7B97362A8A9ACD00B92C24 /* ScamTextTests.xctest */;
			productType = "com.apple.product-type.bundle.unit-test";
		};
		0B7B973F2A8A9ACD00B92C24 /* ScamTextUITests */ = {
			isa = PBXNativeTarget;
			buildConfigurationList = 0B7B97502A8A9ACD00B92C24 /* Build configuration list for PBXNativeTarget "ScamTextUITests" */;
			buildPhases = (
				0B7B973C2A8A9ACD00B92C24 /* Sources */,
				0B7B973D2A8A9ACD00B92C24 /* Frameworks */,
				0B7B973E2A8A9ACD00B92C24 /* Resources */,
			);
			buildRules = (
			);
			dependencies = (
				0B7B97422A8A9ACD00B92C24 /* PBXTargetDependency */,
			);
			name = ScamTextUITests;
			productName = ScamTextUITests;
			productReference = 0B7B97402A8A9ACD00B92C24 /* ScamTextUITests.xctest */;
			productType = "com.apple.product-type.bundle.ui-testing";
		};
/* End PBXNativeTarget section */

/* Begin PBXProject section */
		0B7B971D2A8A9ACC00B92C24 /* Project object */ = {
			isa = PBXProject;
			attributes = {
				BuildIndependentTargetsInParallel = 1;
				LastSwiftUpdateCheck = 1430;
				LastUpgradeCheck = 1430;
				TargetAttributes = {
					0B7B97242A8A9ACC00B92C24 = {
						CreatedOnToolsVersion = 14.3.1;
					};
					0B7B97352A8A9ACD00B92C24 = {
						CreatedOnToolsVersion = 14.3.1;
						TestTargetID = 0B7B97242A8A9ACC00B92C24;
					};
					0B7B973F2A8A9ACD00B92C24 = {
						CreatedOnToolsVersion = 14.3.1;
						TestTargetID = 0B7B97242A8A9ACC00B92C24;
					};
				};
			};
			buildConfigurationList = 0B7B97202A8A9ACC00B92C24 /* Build configuration list for PBXProject "ScamText" */;
			compatibilityVersion = "Xcode 14.0";
			developmentRegion = en;
			hasScannedForEncodings = 0;
			knownRegions = (
				en,
				Base,
			);
			mainGroup = 0B7B971C2A8A9ACC00B92C24;
			productRefGroup = 0B7B97262A8A9ACC00B92C24 /* Products */;
			projectDirPath = "";
			projectRoot = "";
			targets = (
				0B7B97242A8A9ACC00B92C24 /* ScamText */,
				0B7B97352A8A9ACD00B92C24 /* ScamTextTests */,
				0B7B973F2A8A9ACD00B92C24 /* ScamTextUITests */,
			);
		};
/* End PBXProject section */

/* Begin PBXResourcesBuildPhase section */
		0B7B97232A8A9ACC00B92C24 /* Resources */ = {
			isa = PBXResourcesBuildPhase;
			buildActionMask = 2147483647;
			files = (
				0B7B97312A8A9ACD00B92C24 /* Preview Assets.xcassets in Resources */,
				0B7B972D2A8A9ACD00B92C24 /* Assets.xcassets in Resources */,
			);
			runOnlyForDeploymentPostprocessing = 0;
		};
		0B7B97342A8A9ACD00B92C24 /* Resources */ = {
			isa = PBXResourcesBuildPhase;
			buildActionMask = 2147483647;
			files = (
			);
			runOnlyForDeploymentPostprocessing = 0;
		};
		0B7B973E2A8A9ACD00B92C24 /* Resources */ = {
			isa = PBXResourcesBuildPhase;
			buildActionMask = 2147483647;
			files = (
			);
			runOnlyForDeploymentPostprocessing = 0;
		};
/* End PBXResourcesBuildPhase section */

/* Begin PBXSourcesBuildPhase section */
		0B7B97212A8A9ACC00B92C24 /* Sources */ = {
			isa = PBXSourcesBuildPhase;
			buildActionMask = 2147483647;
			files = (
				0B7B972B2A8A9ACC00B92C24 /* ContentView.swift in Sources */,
				0B7B97292A8A9ACC00B92C24 /* ScamTextApp.swift in Sources */,
				0B7B975C2A8AACDE00B92C24 /* help.swift in Sources */,
				0B7B975A2A8AAC7F00B92C24 /* disclaimer.swift in Sources */,
			);
			runOnlyForDeploymentPostprocessing = 0;
		};
		0B7B97322A8A9ACD00B92C24 /* Sources */ = {
			isa = PBXSourcesBuildPhase;
			buildActionMask = 2147483647;
			files = (
				0B7B973B2A8A9ACD00B92C24 /* ScamTextTests.swift in Sources */,
			);
			runOnlyForDeploymentPostprocessing = 0;
		};
		0B7B973C2A8A9ACD00B92C24 /* Sources */ = {
			isa = PBXSourcesBuildPhase;
			buildActionMask = 2147483647;
			files = (
				0B7B97472A8A9ACD00B92C24 /* ScamTextUITestsLaunchTests.swift in Sources */,
				0B7B97452A8A9ACD00B92C24 /* ScamTextUITests.swift in Sources */,
			);
			runOnlyForDeploymentPostprocessing = 0;
		};
/* End PBXSourcesBuildPhase section */

/* Begin PBXTargetDependency section */
		0B7B97382A8A9ACD00B92C24 /* PBXTargetDependency */ = {
			isa = PBXTargetDependency;
			target = 0B7B97242A8A9ACC00B92C24 /* ScamText */;
			targetProxy = 0B7B97372A8A9ACD00B92C24 /* PBXContainerItemProxy */;
		};
		0B7B97422A8A9ACD00B92C24 /* PBXTargetDependency */ = {
			isa = PBXTargetDependency;
			target = 0B7B97242A8A9ACC00B92C24 /* ScamText */;
			targetProxy = 0B7B97412A8A9ACD00B92C24 /* PBXContainerItemProxy */;
		};
/* End PBXTargetDependency section */

/* Begin XCBuildConfiguration section */
		0B7B97482A8A9ACD00B92C24 /* Debug */ = {
			isa = XCBuildConfiguration;
			buildSettings = {
				ALWAYS_SEARCH_USER_PATHS = NO;
				CLANG_ANALYZER_NONNULL = YES;
				CLANG_ANALYZER_NUMBER_OBJECT_CONVERSION = YES_AGGRESSIVE;
				CLANG_CXX_LANGUAGE_STANDARD = "gnu++20";
				CLANG_ENABLE_MODULES = YES;
				CLANG_ENABLE_OBJC_ARC = YES;
				CLANG_ENABLE_OBJC_WEAK = YES;
				CLANG_WARN_BLOCK_CAPTURE_AUTORELEASING = YES;
				CLANG_WARN_BOOL_CONVERSION = YES;
				CLANG_WARN_COMMA = YES;
				CLANG_WARN_CONSTANT_CONVERSION = YES;
				CLANG_WARN_DEPRECATED_OBJC_IMPLEMENTATIONS = YES;
				CLANG_WARN_DIRECT_OBJC_ISA_USAGE = YES_ERROR;
				CLANG_WARN_DOCUMENTATION_COMMENTS = YES;
				CLANG_WARN_EMPTY_BODY = YES;
				CLANG_WARN_ENUM_CONVERSION = YES;
				CLANG_WARN_INFINITE_RECURSION = YES;
				CLANG_WARN_INT_CONVERSION = YES;
				CLANG_WARN_NON_LITERAL_NULL_CONVERSION = YES;
				CLANG_WARN_OBJC_IMPLICIT_RETAIN_SELF = YES;
				CLANG_WARN_OBJC_LITERAL_CONVERSION = YES;
				CLANG_WARN_OBJC_ROOT_CLASS = YES_ERROR;
				CLANG_WARN_QUOTED_INCLUDE_IN_FRAMEWORK_HEADER = YES;
				CLANG_WARN_RANGE_LOOP_ANALYSIS = YES;
				CLANG_WARN_STRICT_PROTOTYPES = YES;
				CLANG_WARN_SUSPICIOUS_MOVE = YES;
				CLANG_WARN_UNGUARDED_AVAILABILITY = YES_AGGRESSIVE;
				CLANG_WARN_UNREACHABLE_CODE = YES;
				CLANG_WARN__DUPLICATE_METHOD_MATCH = YES;
				COPY_PHASE_STRIP = NO;
				DEBUG_INFORMATION_FORMAT = dwarf;
				ENABLE_STRICT_OBJC_MSGSEND = YES;
				ENABLE_TESTABILITY = YES;
				GCC_C_LANGUAGE_STANDARD = gnu11;
				GCC_DYNAMIC_NO_PIC = NO;
				GCC_NO_COMMON_BLOCKS = YES;
				GCC_OPTIMIZATION_LEVEL = 0;
				GCC_PREPROCESSOR_DEFINITIONS = (
					"DEBUG=1",
					"$(inherited)",
				);
				GCC_WARN_64_TO_32_BIT_CONVERSION = YES;
				GCC_WARN_ABOUT_RETURN_TYPE = YES_ERROR;
				GCC_WARN_UNDECLARED_SELECTOR = YES;
				GCC_WARN_UNINITIALIZED_AUTOS = YES_AGGRESSIVE;
				GCC_WARN_UNUSED_FUNCTION = YES;
				GCC_WARN_UNUSED_VARIABLE = YES;
				MTL_ENABLE_DEBUG_INFO = INCLUDE_SOURCE;
				MTL_FAST_MATH = YES;
				ONLY_ACTIVE_ARCH = YES;
				SWIFT_ACTIVE_COMPILATION_CONDITIONS = DEBUG;
				SWIFT_OPTIMIZATION_LEVEL = "-Onone";
			};
			name = Debug;
		};
		0B7B97492A8A9ACD00B92C24 /* Release */ = {
			isa = XCBuildConfiguration;
			buildSettings = {
				ALWAYS_SEARCH_USER_PATHS = NO;
				CLANG_ANALYZER_NONNULL = YES;
				CLANG_ANALYZER_NUMBER_OBJECT_CONVERSION = YES_AGGRESSIVE;
				CLANG_CXX_LANGUAGE_STANDARD = "gnu++20";
				CLANG_ENABLE_MODULES = YES;
				CLANG_ENABLE_OBJC_ARC = YES;
				CLANG_ENABLE_OBJC_WEAK = YES;
				CLANG_WARN_BLOCK_CAPTURE_AUTORELEASING = YES;
				CLANG_WARN_BOOL_CONVERSION = YES;
				CLANG_WARN_COMMA = YES;
				CLANG_WARN_CONSTANT_CONVERSION = YES;
				CLANG_WARN_DEPRECATED_OBJC_IMPLEMENTATIONS = YES;
				CLANG_WARN_DIRECT_OBJC_ISA_USAGE = YES_ERROR;
				CLANG_WARN_DOCUMENTATION_COMMENTS = YES;
				CLANG_WARN_EMPTY_BODY = YES;
				CLANG_WARN_ENUM_CONVERSION = YES;
				CLANG_WARN_INFINITE_RECURSION = YES;
				CLANG_WARN_INT_CONVERSION = YES;
				CLANG_WARN_NON_LITERAL_NULL_CONVERSION = YES;
				CLANG_WARN_OBJC_IMPLICIT_RETAIN_SELF = YES;
				CLANG_WARN_OBJC_LITERAL_CONVERSION = YES;
				CLANG_WARN_OBJC_ROOT_CLASS = YES_ERROR;
				CLANG_WARN_QUOTED_INCLUDE_IN_FRAMEWORK_HEADER = YES;
				CLANG_WARN_RANGE_LOOP_ANALYSIS = YES;
				CLANG_WARN_STRICT_PROTOTYPES = YES;
				CLANG_WARN_SUSPICIOUS_MOVE = YES;
				CLANG_WARN_UNGUARDED_AVAILABILITY = YES_AGGRESSIVE;
				CLANG_WARN_UNREACHABLE_CODE = YES;
				CLANG_WARN__DUPLICATE_METHOD_MATCH = YES;
				COPY_PHASE_STRIP = NO;
				DEBUG_INFORMATION_FORMAT = "dwarf-with-dsym";
				ENABLE_NS_ASSERTIONS = NO;
				ENABLE_STRICT_OBJC_MSGSEND = YES;
				GCC_C_LANGUAGE_STANDARD = gnu11;
				GCC_NO_COMMON_BLOCKS = YES;
				GCC_WARN_64_TO_32_BIT_CONVERSION = YES;
				GCC_WARN_ABOUT_RETURN_TYPE = YES_ERROR;
				GCC_WARN_UNDECLARED_SELECTOR = YES;
				GCC_WARN_UNINITIALIZED_AUTOS = YES_AGGRESSIVE;
				GCC_WARN_UNUSED_FUNCTION = YES;
				GCC_WARN_UNUSED_VARIABLE = YES;
				MTL_ENABLE_DEBUG_INFO = NO;
				MTL_FAST_MATH = YES;
				SWIFT_COMPILATION_MODE = wholemodule;
				SWIFT_OPTIMIZATION_LEVEL = "-O";
			};
			name = Release;
		};
		0B7B974B2A8A9ACD00B92C24 /* Debug */ = {
			isa = XCBuildConfiguration;
			buildSettings = {
				ASSETCATALOG_COMPILER_APPICON_NAME = AppIcon;
				ASSETCATALOG_COMPILER_GLOBAL_ACCENT_COLOR_NAME = AccentColor;
				CODE_SIGN_ENTITLEMENTS = ScamText/ScamText.entitlements;
				CODE_SIGN_STYLE = Automatic;
				CURRENT_PROJECT_VERSION = 1;
				DEVELOPMENT_ASSET_PATHS = "\"ScamText/Preview Content\"";
				ENABLE_PREVIEWS = YES;
				GENERATE_INFOPLIST_FILE = YES;
				"INFOPLIST_KEY_UIApplicationSceneManifest_Generation[sdk=iphoneos*]" = YES;
				"INFOPLIST_KEY_UIApplicationSceneManifest_Generation[sdk=iphonesimulator*]" = YES;
				"INFOPLIST_KEY_UIApplicationSupportsIndirectInputEvents[sdk=iphoneos*]" = YES;
				"INFOPLIST_KEY_UIApplicationSupportsIndirectInputEvents[sdk=iphonesimulator*]" = YES;
				"INFOPLIST_KEY_UILaunchScreen_Generation[sdk=iphoneos*]" = YES;
				"INFOPLIST_KEY_UILaunchScreen_Generation[sdk=iphonesimulator*]" = YES;
				"INFOPLIST_KEY_UIStatusBarStyle[sdk=iphoneos*]" = UIStatusBarStyleDefault;
				"INFOPLIST_KEY_UIStatusBarStyle[sdk=iphonesimulator*]" = UIStatusBarStyleDefault;
				INFOPLIST_KEY_UISupportedInterfaceOrientations_iPad = "UIInterfaceOrientationPortrait UIInterfaceOrientationPortraitUpsideDown UIInterfaceOrientationLandscapeLeft UIInterfaceOrientationLandscapeRight";
				INFOPLIST_KEY_UISupportedInterfaceOrientations_iPhone = "UIInterfaceOrientationPortrait UIInterfaceOrientationLandscapeLeft UIInterfaceOrientationLandscapeRight";
				IPHONEOS_DEPLOYMENT_TARGET = 16.4;
				LD_RUNPATH_SEARCH_PATHS = "@executable_path/Frameworks";
				"LD_RUNPATH_SEARCH_PATHS[sdk=macosx*]" = "@executable_path/../Frameworks";
				MACOSX_DEPLOYMENT_TARGET = 13.3;
				MARKETING_VERSION = 1.0;
				PRODUCT_BUNDLE_IDENTIFIER = apple.ScamText;
				PRODUCT_NAME = "$(TARGET_NAME)";
				SDKROOT = auto;
				SUPPORTED_PLATFORMS = "iphoneos iphonesimulator macosx";
				SWIFT_EMIT_LOC_STRINGS = YES;
				SWIFT_VERSION = 5.0;
				TARGETED_DEVICE_FAMILY = "1,2";
			};
			name = Debug;
		};
		0B7B974C2A8A9ACD00B92C24 /* Release */ = {
			isa = XCBuildConfiguration;
			buildSettings = {
				ASSETCATALOG_COMPILER_APPICON_NAME = AppIcon;
				ASSETCATALOG_COMPILER_GLOBAL_ACCENT_COLOR_NAME = AccentColor;
				CODE_SIGN_ENTITLEMENTS = ScamText/ScamText.entitlements;
				CODE_SIGN_STYLE = Automatic;
				CURRENT_PROJECT_VERSION = 1;
				DEVELOPMENT_ASSET_PATHS = "\"ScamText/Preview Content\"";
				ENABLE_PREVIEWS = YES;
				GENERATE_INFOPLIST_FILE = YES;
				"INFOPLIST_KEY_UIApplicationSceneManifest_Generation[sdk=iphoneos*]" = YES;
				"INFOPLIST_KEY_UIApplicationSceneManifest_Generation[sdk=iphonesimulator*]" = YES;
				"INFOPLIST_KEY_UIApplicationSupportsIndirectInputEvents[sdk=iphoneos*]" = YES;
				"INFOPLIST_KEY_UIApplicationSupportsIndirectInputEvents[sdk=iphonesimulator*]" = YES;
				"INFOPLIST_KEY_UILaunchScreen_Generation[sdk=iphoneos*]" = YES;
				"INFOPLIST_KEY_UILaunchScreen_Generation[sdk=iphonesimulator*]" = YES;
				"INFOPLIST_KEY_UIStatusBarStyle[sdk=iphoneos*]" = UIStatusBarStyleDefault;
				"INFOPLIST_KEY_UIStatusBarStyle[sdk=iphonesimulator*]" = UIStatusBarStyleDefault;
				INFOPLIST_KEY_UISupportedInterfaceOrientations_iPad = "UIInterfaceOrientationPortrait UIInterfaceOrientationPortraitUpsideDown UIInterfaceOrientationLandscapeLeft UIInterfaceOrientationLandscapeRight";
				INFOPLIST_KEY_UISupportedInterfaceOrientations_iPhone = "UIInterfaceOrientationPortrait UIInterfaceOrientationLandscapeLeft UIInterfaceOrientationLandscapeRight";
				IPHONEOS_DEPLOYMENT_TARGET = 16.4;
				LD_RUNPATH_SEARCH_PATHS = "@executable_path/Frameworks";
				"LD_RUNPATH_SEARCH_PATHS[sdk=macosx*]" = "@executable_path/../Frameworks";
				MACOSX_DEPLOYMENT_TARGET = 13.3;
				MARKETING_VERSION = 1.0;
				PRODUCT_BUNDLE_IDENTIFIER = apple.ScamText;
				PRODUCT_NAME = "$(TARGET_NAME)";
				SDKROOT = auto;
				SUPPORTED_PLATFORMS = "iphoneos iphonesimulator macosx";
				SWIFT_EMIT_LOC_STRINGS = YES;
				SWIFT_VERSION = 5.0;
				TARGETED_DEVICE_FAMILY = "1,2";
			};
			name = Release;
		};
		0B7B974E2A8A9ACD00B92C24 /* Debug */ = {
			isa = XCBuildConfiguration;
			buildSettings = {
				ALWAYS_EMBED_SWIFT_STANDARD_LIBRARIES = YES;
				BUNDLE_LOADER = "$(TEST_HOST)";
				CODE_SIGN_STYLE = Automatic;
				CURRENT_PROJECT_VERSION = 1;
				GENERATE_INFOPLIST_FILE = YES;
				IPHONEOS_DEPLOYMENT_TARGET = 16.4;
				MACOSX_DEPLOYMENT_TARGET = 13.3;
				MARKETING_VERSION = 1.0;
				PRODUCT_BUNDLE_IDENTIFIER = apple.ScamTextTests;
				PRODUCT_NAME = "$(TARGET_NAME)";
				SDKROOT = auto;
				SUPPORTED_PLATFORMS = "iphoneos iphonesimulator macosx";
				SWIFT_EMIT_LOC_STRINGS = NO;
				SWIFT_VERSION = 5.0;
				TARGETED_DEVICE_FAMILY = "1,2";
				TEST_HOST = "$(BUILT_PRODUCTS_DIR)/ScamText.app/$(BUNDLE_EXECUTABLE_FOLDER_PATH)/ScamText";
			};
			name = Debug;
		};
		0B7B974F2A8A9ACD00B92C24 /* Release */ = {
			isa = XCBuildConfiguration;
			buildSettings = {
				ALWAYS_EMBED_SWIFT_STANDARD_LIBRARIES = YES;
				BUNDLE_LOADER = "$(TEST_HOST)";
				CODE_SIGN_STYLE = Automatic;
				CURRENT_PROJECT_VERSION = 1;
				GENERATE_INFOPLIST_FILE = YES;
				IPHONEOS_DEPLOYMENT_TARGET = 16.4;
				MACOSX_DEPLOYMENT_TARGET = 13.3;
				MARKETING_VERSION = 1.0;
				PRODUCT_BUNDLE_IDENTIFIER = apple.ScamTextTests;
				PRODUCT_NAME = "$(TARGET_NAME)";
				SDKROOT = auto;
				SUPPORTED_PLATFORMS = "iphoneos iphonesimulator macosx";
				SWIFT_EMIT_LOC_STRINGS = NO;
				SWIFT_VERSION = 5.0;
				TARGETED_DEVICE_FAMILY = "1,2";
				TEST_HOST = "$(BUILT_PRODUCTS_DIR)/ScamText.app/$(BUNDLE_EXECUTABLE_FOLDER_PATH)/ScamText";
			};
			name = Release;
		};
		0B7B97512A8A9ACD00B92C24 /* Debug */ = {
			isa = XCBuildConfiguration;
			buildSettings = {
				ALWAYS_EMBED_SWIFT_STANDARD_LIBRARIES = YES;
				CODE_SIGN_STYLE = Automatic;
				CURRENT_PROJECT_VERSION = 1;
				GENERATE_INFOPLIST_FILE = YES;
				IPHONEOS_DEPLOYMENT_TARGET = 16.4;
				MACOSX_DEPLOYMENT_TARGET = 13.3;
				MARKETING_VERSION = 1.0;
				PRODUCT_BUNDLE_IDENTIFIER = apple.ScamTextUITests;
				PRODUCT_NAME = "$(TARGET_NAME)";
				SDKROOT = auto;
				SUPPORTED_PLATFORMS = "iphoneos iphonesimulator macosx";
				SWIFT_EMIT_LOC_STRINGS = NO;
				SWIFT_VERSION = 5.0;
				TARGETED_DEVICE_FAMILY = "1,2";
				TEST_TARGET_NAME = ScamText;
			};
			name = Debug;
		};
		0B7B97522A8A9ACD00B92C24 /* Release */ = {
			isa = XCBuildConfiguration;
			buildSettings = {
				ALWAYS_EMBED_SWIFT_STANDARD_LIBRARIES = YES;
				CODE_SIGN_STYLE = Automatic;
				CURRENT_PROJECT_VERSION = 1;
				GENERATE_INFOPLIST_FILE = YES;
				IPHONEOS_DEPLOYMENT_TARGET = 16.4;
				MACOSX_DEPLOYMENT_TARGET = 13.3;
				MARKETING_VERSION = 1.0;
				PRODUCT_BUNDLE_IDENTIFIER = apple.ScamTextUITests;
				PRODUCT_NAME = "$(TARGET_NAME)";
				SDKROOT = auto;
				SUPPORTED_PLATFORMS = "iphoneos iphonesimulator macosx";
				SWIFT_EMIT_LOC_STRINGS = NO;
				SWIFT_VERSION = 5.0;
				TARGETED_DEVICE_FAMILY = "1,2";
				TEST_TARGET_NAME = ScamText;
			};
			name = Release;
		};
/* End XCBuildConfiguration section */

/* Begin XCConfigurationList section */
		0B7B97202A8A9ACC00B92C24 /* Build configuration list for PBXProject "ScamText" */ = {
			isa = XCConfigurationList;
			buildConfigurations = (
				0B7B97482A8A9ACD00B92C24 /* Debug */,
				0B7B97492A8A9ACD00B92C24 /* Release */,
			);
			defaultConfigurationIsVisible = 0;
			defaultConfigurationName = Release;
		};
		0B7B974A2A8A9ACD00B92C24 /* Build configuration list for PBXNativeTarget "ScamText" */ = {
			isa = XCConfigurationList;
			buildConfigurations = (
				0B7B974B2A8A9ACD00B92C24 /* Debug */,
				0B7B974C2A8A9ACD00B92C24 /* Release */,
			);
			defaultConfigurationIsVisible = 0;
			defaultConfigurationName = Release;
		};
		0B7B974D2A8A9ACD00B92C24 /* Build configuration list for PBXNativeTarget "ScamTextTests" */ = {
			isa = XCConfigurationList;
			buildConfigurations = (
				0B7B974E2A8A9ACD00B92C24 /* Debug */,
				0B7B974F2A8A9ACD00B92C24 /* Release */,
			);
			defaultConfigurationIsVisible = 0;
			defaultConfigurationName = Release;
		};
		0B7B97502A8A9ACD00B92C24 /* Build configuration list for PBXNativeTarget "ScamTextUITests" */ = {
			isa = XCConfigurationList;
			buildConfigurations = (
				0B7B97512A8A9ACD00B92C24 /* Debug */,
				0B7B97522A8A9ACD00B92C24 /* Release */,
			);
			defaultConfigurationIsVisible = 0;
			defaultConfigurationName = Release;
		};
/* End XCConfigurationList section */
	};
	rootObject = 0B7B971D2A8A9ACC00B92C24 /* Project object */;
}
